<?xml version="1.0" encoding="UTF-8" standalone="yes" ?>
<CodeBlocks_project_file>
	<FileVersion major="1" minor="6" />
	<Project>
		<Option title="neural_network_SDL" />
		<Option pch_mode="2" />
		<Option compiler="gcc" />
		<Build>
			<Target title="Debug">
				<Option platforms="Windows;Linux;" />
				<Option output="build/Debug/neural_network_SDL.exe" prefix_auto="0" extension_auto="0" />
				<Option working_dir="" />
				<Option object_output="build/Debug" />
				<Option type="5" />
				<ExtraCommands>
					<Add before="cmake -S . -B build -G &quot;Ninja&quot; -DCMAKE_MAKE_PROGRAM=C:\Users\user\Desktop\Programming\Compilers\ninja.exe -DSDL_DIRECTX=OFF -DSDL_RENDER_D3D=OFF -DSDL_RENDER_D3D11=OFF -DSDL_RENDER_D3D12=OFF -DSDL_DIRECT3D=OFF -DSDL3_MF=OFF" />
					<Add after="cmake --build build" />
				</ExtraCommands>
			</Target>
			<Target title="Release">
				<Option platforms="Windows;" />
				<Option output="build/Release/neural_network_SDL.exe" prefix_auto="0" extension_auto="0" />
				<Option working_dir="" />
				<Option object_output="build/Release" />
				<Option type="5" />
				<ExtraCommands>
					<Add before='cmake -S . -G &quot;MinGW Makefiles&quot; -DCMAKE_BUILD_TYPE=Release -Bbuild/Release' />
					<Add after="mingw32-make -Cbuild/Release -j" />
				</ExtraCommands>
			</Target>
		</Build>
		<Unit filename="CMakeLists.txt" />
		<Unit filename="cmake/compiler_flags.cmake" />
		<Unit filename="cmake/dependencies.cmake" />
		<Unit filename="cmake/paths.cmake" />
		<Unit filename="res/compilation.txt" />
		<Extensions>
			<lib_finder disable_auto="1" />
		</Extensions>
	</Project>
</CodeBlocks_project_file>
